
Microsoft Visual Studio Solution File, Format Version 12.00
# Visual Studio Version 17
VisualStudioVersion = 17.3.32825.248
MinimumVisualStudioVersion = 10.0.40219.1
Project("{FAE04EC0-301F-11D3-BF4B-00C04F79EFBC}") = "WebApplication4", "WebApplication4\WebApplication4.csproj", "{DD616804-4F9B-469E-8629-51CBF6D6E98C}"
EndProject
Global
	GlobalSection(SolutionConfigurationPlatforms) = preSolution
		Debug|Any CPU = Debug|Any CPU
		Release|Any CPU = Release|Any CPU
	EndGlobalSection
	GlobalSection(ProjectConfigurationPlatforms) = postSolution
		{DD616804-4F9B-469E-8629-51CBF6D6E98C}.Debug|Any CPU.ActiveCfg = Debug|Any CPU
		{DD616804-4F9B-469E-8629-51CBF6D6E98C}.Debug|Any CPU.Build.0 = Debug|Any CPU
		{DD616804-4F9B-469E-8629-51CBF6D6E98C}.Release|Any CPU.ActiveCfg = Release|Any CPU
		{DD616804-4F9B-469E-8629-51CBF6D6E98C}.Release|Any CPU.Build.0 = Release|Any CPU
	EndGlobalSection
	GlobalSection(SolutionProperties) = preSolution
		HideSolutionNode = FALSE
	EndGlobalSection
	GlobalSection(ExtensibilityGlobals) = postSolution
		SolutionGuid = {E44C1D7C-76DB-4D55-97EE-1825ABE95B60}
	EndGlobalSection
EndGlobal
